
Microsoft Visual Studio Solution File, Format Version 12.00
# Visual Studio Version 17
VisualStudioVersion = 17.14.36109.1
MinimumVisualStudioVersion = 10.0.40219.1
Project("{2150E333-8FDC-42A3-9474-1A3956D46DE8}") = "Api", "Api", "{02EA681E-C7D8-13C7-8484-4AC65E1B71E8}"
EndProject
Project("{FAE04EC0-301F-11D3-BF4B-00C04F79EFBC}") = "ApiDelivery.Application", "ApiDelivery\ApiDelivery.Application\ApiDelivery.Application.csproj", "{2E30012A-F54F-43B7-AF87-DE9778235C32}"
EndProject
Project("{2150E333-8FDC-42A3-9474-1A3956D46DE8}") = "Entities", "Entities", "{5A8980CC-443A-40E5-A2FE-A0536ACB5735}"
EndProject
Project("{FAE04EC0-301F-11D3-BF4B-00C04F79EFBC}") = "ApiDelivery.Entities", "ApiDelivery\ApiDelivery.Entities\ApiDelivery.Entities.csproj", "{8F2B54F3-C61D-4FE3-8D1C-893A14EDC02C}"
EndProject
Project("{2150E333-8FDC-42A3-9474-1A3956D46DE8}") = "Data", "Data", "{B01E7313-4CC0-4CCE-B240-71C7D9F46529}"
EndProject
Project("{FAE04EC0-301F-11D3-BF4B-00C04F79EFBC}") = "ApiDelivery.Data", "ApiDelivery\ApiDelivery.Data\ApiDelivery.Data.csproj", "{B40CC003-2B16-41F2-9F14-56064EE6CC1C}"
EndProject
Project("{2150E333-8FDC-42A3-9474-1A3956D46DE8}") = "Services", "Services", "{007968FD-7043-4ED6-9753-ADC50E3D5ADA}"
EndProject
Project("{FAE04EC0-301F-11D3-BF4B-00C04F79EFBC}") = "ApiDelivery.Services", "ApiDelivery\ApiDelivery.Services\ApiDelivery.Services.csproj", "{F444D842-1622-4580-A0EA-B74974DCD256}"
EndProject
Global
	GlobalSection(SolutionConfigurationPlatforms) = preSolution
		Debug|Any CPU = Debug|Any CPU
		Release|Any CPU = Release|Any CPU
	EndGlobalSection
	GlobalSection(ProjectConfigurationPlatforms) = postSolution
		{2E30012A-F54F-43B7-AF87-DE9778235C32}.Debug|Any CPU.ActiveCfg = Debug|Any CPU
		{2E30012A-F54F-43B7-AF87-DE9778235C32}.Debug|Any CPU.Build.0 = Debug|Any CPU
		{2E30012A-F54F-43B7-AF87-DE9778235C32}.Release|Any CPU.ActiveCfg = Release|Any CPU
		{2E30012A-F54F-43B7-AF87-DE9778235C32}.Release|Any CPU.Build.0 = Release|Any CPU
		{8F2B54F3-C61D-4FE3-8D1C-893A14EDC02C}.Debug|Any CPU.ActiveCfg = Debug|Any CPU
		{8F2B54F3-C61D-4FE3-8D1C-893A14EDC02C}.Debug|Any CPU.Build.0 = Debug|Any CPU
		{8F2B54F3-C61D-4FE3-8D1C-893A14EDC02C}.Release|Any CPU.ActiveCfg = Release|Any CPU
		{8F2B54F3-C61D-4FE3-8D1C-893A14EDC02C}.Release|Any CPU.Build.0 = Release|Any CPU
		{B40CC003-2B16-41F2-9F14-56064EE6CC1C}.Debug|Any CPU.ActiveCfg = Debug|Any CPU
		{B40CC003-2B16-41F2-9F14-56064EE6CC1C}.Debug|Any CPU.Build.0 = Debug|Any CPU
		{B40CC003-2B16-41F2-9F14-56064EE6CC1C}.Release|Any CPU.ActiveCfg = Release|Any CPU
		{B40CC003-2B16-41F2-9F14-56064EE6CC1C}.Release|Any CPU.Build.0 = Release|Any CPU
		{F444D842-1622-4580-A0EA-B74974DCD256}.Debug|Any CPU.ActiveCfg = Debug|Any CPU
		{F444D842-1622-4580-A0EA-B74974DCD256}.Debug|Any CPU.Build.0 = Debug|Any CPU
		{F444D842-1622-4580-A0EA-B74974DCD256}.Release|Any CPU.ActiveCfg = Release|Any CPU
		{F444D842-1622-4580-A0EA-B74974DCD256}.Release|Any CPU.Build.0 = Release|Any CPU
	EndGlobalSection
	GlobalSection(SolutionProperties) = preSolution
		HideSolutionNode = FALSE
	EndGlobalSection
	GlobalSection(NestedProjects) = preSolution
		{2E30012A-F54F-43B7-AF87-DE9778235C32} = {02EA681E-C7D8-13C7-8484-4AC65E1B71E8}
		{8F2B54F3-C61D-4FE3-8D1C-893A14EDC02C} = {5A8980CC-443A-40E5-A2FE-A0536ACB5735}
		{B40CC003-2B16-41F2-9F14-56064EE6CC1C} = {B01E7313-4CC0-4CCE-B240-71C7D9F46529}
		{F444D842-1622-4580-A0EA-B74974DCD256} = {007968FD-7043-4ED6-9753-ADC50E3D5ADA}
	EndGlobalSection
	GlobalSection(ExtensibilityGlobals) = postSolution
		SolutionGuid = {BB80A790-C16F-4042-B574-E3D08FAF08A1}
	EndGlobalSection
EndGlobal
